
Microsoft Visual Studio Solution File, Format Version 12.00
# Visual Studio Version 17
VisualStudioVersion = 17.13.35931.197 d17.13
MinimumVisualStudioVersion = 10.0.40219.1
Project("{888888A0-9F3D-457C-B088-3A5042F75D52}") = "ExamplePytonApp", "ExamplePytonApp\ExamplePytonApp.pyproj", "{FADB1B68-703A-4023-92A3-F9CC7DE39E05}"
EndProject
Global
	GlobalSection(SolutionConfigurationPlatforms) = preSolution
		Debug|Any CPU = Debug|Any CPU
		Release|Any CPU = Release|Any CPU
	EndGlobalSection
	GlobalSection(ProjectConfigurationPlatforms) = postSolution
		{FADB1B68-703A-4023-92A3-F9CC7DE39E05}.Debug|Any CPU.ActiveCfg = Debug|Any CPU
		{FADB1B68-703A-4023-92A3-F9CC7DE39E05}.Release|Any CPU.ActiveCfg = Release|Any CPU
	EndGlobalSection
	GlobalSection(SolutionProperties) = preSolution
		HideSolutionNode = FALSE
	EndGlobalSection
	GlobalSection(ExtensibilityGlobals) = postSolution
		SolutionGuid = {68B7F648-5F54-44E8-ADBB-B835D0E29E27}
	EndGlobalSection
EndGlobal
